PODS:
  - CryptoSwift (0.13.1)
  - RLP-ObjC (1.0.5)
  - TrezorCrypto (0.0.9)

DEPENDENCIES:
  - CryptoSwift
  - RLP-ObjC (~> 1.0)
  - TrezorCrypto

SPEC REPOS:
  https://github.com/cocoapods/specs.git:
    - CryptoSwift
    - RLP-ObjC
    - TrezorCrypto

SPEC CHECKSUMS:
  CryptoSwift: ff68c35a53e03177d31aaa2c1e8b3e010aeed6cb
  RLP-ObjC: a999411362b75a876d9727b2987c9b334b2fd5f7
  TrezorCrypto: bfeea47a052dca2c77d4a39e1e183865e52de14d

PODFILE CHECKSUM: e38efab6c055411f4e4056879ff903ec6651dbe6

COCOAPODS: 1.5.3
